{
  "name": "session-logs",
  "version": "0.1.0",
  "lockfileVersion": 3,
  "requires": true,
  "packages": {
    "": {
      "name": "session-logs",
      "version": "0.1.0",
      "bin": {
        "session-log": "src/session-log.mjs"
      },
      "engines": {
        "node": ">=20"
      }
    }
  }
}
